{
  "name": "codexbridge",
  "version": "0.1.0-alpha.4",
  "lockfileVersion": 3,
  "requires": true,
  "packages": {
    "": {
      "name": "codexbridge",
      "version": "0.1.0-alpha.4",
      "hasInstallScript": true,
      "license": "MIT",
      "bin": {
        "codexbridge": "bin/codexbridge.mjs"
      },
      "engines": {
        "node": ">=22"
      },
      "peerDependencies": {
        "@larksuiteoapi/node-sdk": "^1.68.0"
      },
      "peerDependenciesMeta": {
        "@larksuiteoapi/node-sdk": {
          "optional": true
        }
      }
    }
  }
}
