{
  "name": "codexbridge",
  "version": "0.1.0-alpha.7",
  "lockfileVersion": 3,
  "requires": true,
  "packages": {
    "": {
      "name": "codexbridge",
      "version": "0.1.0-alpha.7",
      "hasInstallScript": true,
      "license": "MIT",
      "bin": {
        "codexbridge": "bin/codexbridge.mjs"
      },
      "engines": {
        "node": ">=22"
      }
    }
  }
}
